
Microsoft Visual Studio Solution File, Format Version 12.00
# Visual Studio 15
VisualStudioVersion = 15.0.28307.539
MinimumVisualStudioVersion = 10.0.40219.1
Project("{FAE04EC0-301F-11D3-BF4B-00C04F79EFBC}") = "Lands.Android", "Lands\Lands.Android\Lands.Android.csproj", "{EE435D52-5FDD-4B43-99CB-D029291238E6}"
EndProject
Project("{FAE04EC0-301F-11D3-BF4B-00C04F79EFBC}") = "Lands.iOS", "Lands\Lands.iOS\Lands.iOS.csproj", "{C77DA73E-B09F-47B8-88A8-B4A112863631}"
EndProject
Project("{FAE04EC0-301F-11D3-BF4B-00C04F79EFBC}") = "Lands", "Lands\Lands\Lands.csproj", "{6D405E5F-6AAC-47A7-9636-72315842B1E4}"
EndProject
Global
	GlobalSection(SolutionConfigurationPlatforms) = preSolution
		Ad-Hoc|Any CPU = Ad-Hoc|Any CPU
		Ad-Hoc|iPhone = Ad-Hoc|iPhone
		Ad-Hoc|iPhoneSimulator = Ad-Hoc|iPhoneSimulator
		AppStore|Any CPU = AppStore|Any CPU
		AppStore|iPhone = AppStore|iPhone
		AppStore|iPhoneSimulator = AppStore|iPhoneSimulator
		Debug|Any CPU = Debug|Any CPU
		Debug|iPhone = Debug|iPhone
		Debug|iPhoneSimulator = Debug|iPhoneSimulator
		Release|Any CPU = Release|Any CPU
		Release|iPhone = Release|iPhone
		Release|iPhoneSimulator = Release|iPhoneSimulator
	EndGlobalSection
	GlobalSection(ProjectConfigurationPlatforms) = postSolution
		{EE435D52-5FDD-4B43-99CB-D029291238E6}.Ad-Hoc|Any CPU.ActiveCfg = Release|Any CPU
		{EE435D52-5FDD-4B43-99CB-D029291238E6}.Ad-Hoc|Any CPU.Build.0 = Release|Any CPU
		{EE435D52-5FDD-4B43-99CB-D029291238E6}.Ad-Hoc|Any CPU.Deploy.0 = Release|Any CPU
		{EE435D52-5FDD-4B43-99CB-D029291238E6}.Ad-Hoc|iPhone.ActiveCfg = Release|Any CPU
		{EE435D52-5FDD-4B43-99CB-D029291238E6}.Ad-Hoc|iPhone.Build.0 = Release|Any CPU
		{EE435D52-5FDD-4B43-99CB-D029291238E6}.Ad-Hoc|iPhone.Deploy.0 = Release|Any CPU
		{EE435D52-5FDD-4B43-99CB-D029291238E6}.Ad-Hoc|iPhoneSimulator.ActiveCfg = Release|Any CPU
		{EE435D52-5FDD-4B43-99CB-D029291238E6}.Ad-Hoc|iPhoneSimulator.Build.0 = Release|Any CPU
		{EE435D52-5FDD-4B43-99CB-D029291238E6}.Ad-Hoc|iPhoneSimulator.Deploy.0 = Release|Any CPU
		{EE435D52-5FDD-4B43-99CB-D029291238E6}.AppStore|Any CPU.ActiveCfg = Release|Any CPU
		{EE435D52-5FDD-4B43-99CB-D029291238E6}.AppStore|Any CPU.Build.0 = Release|Any CPU
		{EE435D52-5FDD-4B43-99CB-D029291238E6}.AppStore|Any CPU.Deploy.0 = Release|Any CPU
		{EE435D52-5FDD-4B43-99CB-D029291238E6}.AppStore|iPhone.ActiveCfg = Release|Any CPU
		{EE435D52-5FDD-4B43-99CB-D029291238E6}.AppStore|iPhone.Build.0 = Release|Any CPU
		{EE435D52-5FDD-4B43-99CB-D029291238E6}.AppStore|iPhone.Deploy.0 = Release|Any CPU
		{EE435D52-5FDD-4B43-99CB-D029291238E6}.AppStore|iPhoneSimulator.ActiveCfg = Release|Any CPU
		{EE435D52-5FDD-4B43-99CB-D029291238E6}.AppStore|iPhoneSimulator.Build.0 = Release|Any CPU
		{EE435D52-5FDD-4B43-99CB-D029291238E6}.AppStore|iPhoneSimulator.Deploy.0 = Release|Any CPU
		{EE435D52-5FDD-4B43-99CB-D029291238E6}.Debug|Any CPU.ActiveCfg = Debug|Any CPU
		{EE435D52-5FDD-4B43-99CB-D029291238E6}.Debug|Any CPU.Build.0 = Debug|Any CPU
		{EE435D52-5FDD-4B43-99CB-D029291238E6}.Debug|Any CPU.Deploy.0 = Debug|Any CPU
		{EE435D52-5FDD-4B43-99CB-D029291238E6}.Debug|iPhone.ActiveCfg = Debug|Any CPU
		{EE435D52-5FDD-4B43-99CB-D029291238E6}.Debug|iPhone.Build.0 = Debug|Any CPU
		{EE435D52-5FDD-4B43-99CB-D029291238E6}.Debug|iPhone.Deploy.0 = Debug|Any CPU
		{EE435D52-5FDD-4B43-99CB-D029291238E6}.Debug|iPhoneSimulator.ActiveCfg = Debug|Any CPU
		{EE435D52-5FDD-4B43-99CB-D029291238E6}.Debug|iPhoneSimulator.Build.0 = Debug|Any CPU
		{EE435D52-5FDD-4B43-99CB-D029291238E6}.Debug|iPhoneSimulator.Deploy.0 = Debug|Any CPU
		{EE435D52-5FDD-4B43-99CB-D029291238E6}.Release|Any CPU.ActiveCfg = Release|Any CPU
		{EE435D52-5FDD-4B43-99CB-D029291238E6}.Release|Any CPU.Build.0 = Release|Any CPU
		{EE435D52-5FDD-4B43-99CB-D029291238E6}.Release|Any CPU.Deploy.0 = Release|Any CPU
		{EE435D52-5FDD-4B43-99CB-D029291238E6}.Release|iPhone.ActiveCfg = Release|Any CPU
		{EE435D52-5FDD-4B43-99CB-D029291238E6}.Release|iPhone.Build.0 = Release|Any CPU
		{EE435D52-5FDD-4B43-99CB-D029291238E6}.Release|iPhone.Deploy.0 = Release|Any CPU
		{EE435D52-5FDD-4B43-99CB-D029291238E6}.Release|iPhoneSimulator.ActiveCfg = Release|Any CPU
		{EE435D52-5FDD-4B43-99CB-D029291238E6}.Release|iPhoneSimulator.Build.0 = Release|Any CPU
		{EE435D52-5FDD-4B43-99CB-D029291238E6}.Release|iPhoneSimulator.Deploy.0 = Release|Any CPU
		{C77DA73E-B09F-47B8-88A8-B4A112863631}.Ad-Hoc|Any CPU.ActiveCfg = Ad-Hoc|iPhone
		{C77DA73E-B09F-47B8-88A8-B4A112863631}.Ad-Hoc|Any CPU.Build.0 = Ad-Hoc|iPhone
		{C77DA73E-B09F-47B8-88A8-B4A112863631}.Ad-Hoc|Any CPU.Deploy.0 = Ad-Hoc|iPhone
		{C77DA73E-B09F-47B8-88A8-B4A112863631}.Ad-Hoc|iPhone.ActiveCfg = Ad-Hoc|iPhone
		{C77DA73E-B09F-47B8-88A8-B4A112863631}.Ad-Hoc|iPhone.Build.0 = Ad-Hoc|iPhone
		{C77DA73E-B09F-47B8-88A8-B4A112863631}.Ad-Hoc|iPhone.Deploy.0 = Ad-Hoc|iPhone
		{C77DA73E-B09F-47B8-88A8-B4A112863631}.Ad-Hoc|iPhoneSimulator.ActiveCfg = Ad-Hoc|iPhoneSimulator
		{C77DA73E-B09F-47B8-88A8-B4A112863631}.Ad-Hoc|iPhoneSimulator.Build.0 = Ad-Hoc|iPhoneSimulator
		{C77DA73E-B09F-47B8-88A8-B4A112863631}.Ad-Hoc|iPhoneSimulator.Deploy.0 = Ad-Hoc|iPhoneSimulator
		{C77DA73E-B09F-47B8-88A8-B4A112863631}.AppStore|Any CPU.ActiveCfg = AppStore|iPhone
		{C77DA73E-B09F-47B8-88A8-B4A112863631}.AppStore|Any CPU.Build.0 = AppStore|iPhone
		{C77DA73E-B09F-47B8-88A8-B4A112863631}.AppStore|Any CPU.Deploy.0 = AppStore|iPhone
		{C77DA73E-B09F-47B8-88A8-B4A112863631}.AppStore|iPhone.ActiveCfg = AppStore|iPhone
		{C77DA73E-B09F-47B8-88A8-B4A112863631}.AppStore|iPhone.Build.0 = AppStore|iPhone
		{C77DA73E-B09F-47B8-88A8-B4A112863631}.AppStore|iPhone.Deploy.0 = AppStore|iPhone
		{C77DA73E-B09F-47B8-88A8-B4A112863631}.AppStore|iPhoneSimulator.ActiveCfg = AppStore|iPhoneSimulator
		{C77DA73E-B09F-47B8-88A8-B4A112863631}.AppStore|iPhoneSimulator.Build.0 = AppStore|iPhoneSimulator
		{C77DA73E-B09F-47B8-88A8-B4A112863631}.AppStore|iPhoneSimulator.Deploy.0 = AppStore|iPhoneSimulator
		{C77DA73E-B09F-47B8-88A8-B4A112863631}.Debug|Any CPU.ActiveCfg = Debug|iPhoneSimulator
		{C77DA73E-B09F-47B8-88A8-B4A112863631}.Debug|Any CPU.Build.0 = Debug|iPhoneSimulator
		{C77DA73E-B09F-47B8-88A8-B4A112863631}.Debug|Any CPU.Deploy.0 = Debug|iPhoneSimulator
		{C77DA73E-B09F-47B8-88A8-B4A112863631}.Debug|iPhone.ActiveCfg = Debug|iPhone
		{C77DA73E-B09F-47B8-88A8-B4A112863631}.Debug|iPhone.Build.0 = Debug|iPhone
		{C77DA73E-B09F-47B8-88A8-B4A112863631}.Debug|iPhone.Deploy.0 = Debug|iPhone
		{C77DA73E-B09F-47B8-88A8-B4A112863631}.Debug|iPhoneSimulator.ActiveCfg = Debug|iPhoneSimulator
		{C77DA73E-B09F-47B8-88A8-B4A112863631}.Debug|iPhoneSimulator.Build.0 = Debug|iPhoneSimulator
		{C77DA73E-B09F-47B8-88A8-B4A112863631}.Debug|iPhoneSimulator.Deploy.0 = Debug|iPhoneSimulator
		{C77DA73E-B09F-47B8-88A8-B4A112863631}.Release|Any CPU.ActiveCfg = Release|iPhone
		{C77DA73E-B09F-47B8-88A8-B4A112863631}.Release|Any CPU.Build.0 = Release|iPhone
		{C77DA73E-B09F-47B8-88A8-B4A112863631}.Release|Any CPU.Deploy.0 = Release|iPhone
		{C77DA73E-B09F-47B8-88A8-B4A112863631}.Release|iPhone.ActiveCfg = Release|iPhone
		{C77DA73E-B09F-47B8-88A8-B4A112863631}.Release|iPhone.Build.0 = Release|iPhone
		{C77DA73E-B09F-47B8-88A8-B4A112863631}.Release|iPhone.Deploy.0 = Release|iPhone
		{C77DA73E-B09F-47B8-88A8-B4A112863631}.Release|iPhoneSimulator.ActiveCfg = Release|iPhoneSimulator
		{C77DA73E-B09F-47B8-88A8-B4A112863631}.Release|iPhoneSimulator.Build.0 = Release|iPhoneSimulator
		{C77DA73E-B09F-47B8-88A8-B4A112863631}.Release|iPhoneSimulator.Deploy.0 = Release|iPhoneSimulator
		{6D405E5F-6AAC-47A7-9636-72315842B1E4}.Ad-Hoc|Any CPU.ActiveCfg = Debug|Any CPU
		{6D405E5F-6AAC-47A7-9636-72315842B1E4}.Ad-Hoc|Any CPU.Build.0 = Debug|Any CPU
		{6D405E5F-6AAC-47A7-9636-72315842B1E4}.Ad-Hoc|Any CPU.Deploy.0 = Debug|Any CPU
		{6D405E5F-6AAC-47A7-9636-72315842B1E4}.Ad-Hoc|iPhone.ActiveCfg = Debug|Any CPU
		{6D405E5F-6AAC-47A7-9636-72315842B1E4}.Ad-Hoc|iPhone.Build.0 = Debug|Any CPU
		{6D405E5F-6AAC-47A7-9636-72315842B1E4}.Ad-Hoc|iPhone.Deploy.0 = Debug|Any CPU
		{6D405E5F-6AAC-47A7-9636-72315842B1E4}.Ad-Hoc|iPhoneSimulator.ActiveCfg = Debug|Any CPU
		{6D405E5F-6AAC-47A7-9636-72315842B1E4}.Ad-Hoc|iPhoneSimulator.Build.0 = Debug|Any CPU
		{6D405E5F-6AAC-47A7-9636-72315842B1E4}.Ad-Hoc|iPhoneSimulator.Deploy.0 = Debug|Any CPU
		{6D405E5F-6AAC-47A7-9636-72315842B1E4}.AppStore|Any CPU.ActiveCfg = Debug|Any CPU
		{6D405E5F-6AAC-47A7-9636-72315842B1E4}.AppStore|Any CPU.Build.0 = Debug|Any CPU
		{6D405E5F-6AAC-47A7-9636-72315842B1E4}.AppStore|Any CPU.Deploy.0 = Debug|Any CPU
		{6D405E5F-6AAC-47A7-9636-72315842B1E4}.AppStore|iPhone.ActiveCfg = Debug|Any CPU
		{6D405E5F-6AAC-47A7-9636-72315842B1E4}.AppStore|iPhone.Build.0 = Debug|Any CPU
		{6D405E5F-6AAC-47A7-9636-72315842B1E4}.AppStore|iPhone.Deploy.0 = Debug|Any CPU
		{6D405E5F-6AAC-47A7-9636-72315842B1E4}.AppStore|iPhoneSimulator.ActiveCfg = Debug|Any CPU
		{6D405E5F-6AAC-47A7-9636-72315842B1E4}.AppStore|iPhoneSimulator.Build.0 = Debug|Any CPU
		{6D405E5F-6AAC-47A7-9636-72315842B1E4}.AppStore|iPhoneSimulator.Deploy.0 = Debug|Any CPU
		{6D405E5F-6AAC-47A7-9636-72315842B1E4}.Debug|Any CPU.ActiveCfg = Debug|Any CPU
		{6D405E5F-6AAC-47A7-9636-72315842B1E4}.Debug|Any CPU.Build.0 = Debug|Any CPU
		{6D405E5F-6AAC-47A7-9636-72315842B1E4}.Debug|Any CPU.Deploy.0 = Debug|Any CPU
		{6D405E5F-6AAC-47A7-9636-72315842B1E4}.Debug|iPhone.ActiveCfg = Debug|Any CPU
		{6D405E5F-6AAC-47A7-9636-72315842B1E4}.Debug|iPhone.Build.0 = Debug|Any CPU
		{6D405E5F-6AAC-47A7-9636-72315842B1E4}.Debug|iPhone.Deploy.0 = Debug|Any CPU
		{6D405E5F-6AAC-47A7-9636-72315842B1E4}.Debug|iPhoneSimulator.ActiveCfg = Debug|Any CPU
		{6D405E5F-6AAC-47A7-9636-72315842B1E4}.Debug|iPhoneSimulator.Build.0 = Debug|Any CPU
		{6D405E5F-6AAC-47A7-9636-72315842B1E4}.Debug|iPhoneSimulator.Deploy.0 = Debug|Any CPU
		{6D405E5F-6AAC-47A7-9636-72315842B1E4}.Release|Any CPU.ActiveCfg = Release|Any CPU
		{6D405E5F-6AAC-47A7-9636-72315842B1E4}.Release|Any CPU.Build.0 = Release|Any CPU
		{6D405E5F-6AAC-47A7-9636-72315842B1E4}.Release|Any CPU.Deploy.0 = Release|Any CPU
		{6D405E5F-6AAC-47A7-9636-72315842B1E4}.Release|iPhone.ActiveCfg = Release|Any CPU
		{6D405E5F-6AAC-47A7-9636-72315842B1E4}.Release|iPhone.Build.0 = Release|Any CPU
		{6D405E5F-6AAC-47A7-9636-72315842B1E4}.Release|iPhone.Deploy.0 = Release|Any CPU
		{6D405E5F-6AAC-47A7-9636-72315842B1E4}.Release|iPhoneSimulator.ActiveCfg = Release|Any CPU
		{6D405E5F-6AAC-47A7-9636-72315842B1E4}.Release|iPhoneSimulator.Build.0 = Release|Any CPU
		{6D405E5F-6AAC-47A7-9636-72315842B1E4}.Release|iPhoneSimulator.Deploy.0 = Release|Any CPU
	EndGlobalSection
	GlobalSection(SolutionProperties) = preSolution
		HideSolutionNode = FALSE
	EndGlobalSection
	GlobalSection(ExtensibilityGlobals) = postSolution
		SolutionGuid = {C8E1D9FD-D39F-4E7E-B3B0-1536AE838079}
	EndGlobalSection
EndGlobal
